
Microsoft Visual Studio Solution File, Format Version 12.00
# Visual Studio Version 17
VisualStudioVersion = 17.7.34024.191
MinimumVisualStudioVersion = 10.0.40219.1
Project("{FAE04EC0-301F-11D3-BF4B-00C04F79EFBC}") = "CS11", "CS11\CS11.csproj", "{A55584EC-4E95-4938-A78B-7881C6FDD23E}"
EndProject
Global
	GlobalSection(SolutionConfigurationPlatforms) = preSolution
		Debug|Any CPU = Debug|Any CPU
		Release|Any CPU = Release|Any CPU
	EndGlobalSection
	GlobalSection(ProjectConfigurationPlatforms) = postSolution
		{A55584EC-4E95-4938-A78B-7881C6FDD23E}.Debug|Any CPU.ActiveCfg = Debug|Any CPU
		{A55584EC-4E95-4938-A78B-7881C6FDD23E}.Debug|Any CPU.Build.0 = Debug|Any CPU
		{A55584EC-4E95-4938-A78B-7881C6FDD23E}.Release|Any CPU.ActiveCfg = Release|Any CPU
		{A55584EC-4E95-4938-A78B-7881C6FDD23E}.Release|Any CPU.Build.0 = Release|Any CPU
	EndGlobalSection
	GlobalSection(SolutionProperties) = preSolution
		HideSolutionNode = FALSE
	EndGlobalSection
	GlobalSection(ExtensibilityGlobals) = postSolution
		SolutionGuid = {135EC163-88BC-4866-8A5B-9CC48A6F7826}
	EndGlobalSection
EndGlobal
